
Microsoft Visual Studio Solution File, Format Version 12.00
# Visual Studio Version 16
VisualStudioVersion = 16.0.32126.315
MinimumVisualStudioVersion = 10.0.40219.1
Project("{FAE04EC0-301F-11D3-BF4B-00C04F79EFBC}") = "1. Sum Matrix Elements", "1. Sum Matrix Elements\1. Sum Matrix Elements.csproj", "{E291BC09-D554-4B5A-AE22-E0AE3095FD15}"
EndProject
Project("{FAE04EC0-301F-11D3-BF4B-00C04F79EFBC}") = "2. Sum Matrix Columns", "2. Sum Matrix Columns\2. Sum Matrix Columns.csproj", "{51B7D290-35D6-49BB-AA83-3679FC5CA4DB}"
EndProject
Project("{FAE04EC0-301F-11D3-BF4B-00C04F79EFBC}") = "5. Square With Maximum Sum", "5. Square With Maximum Sum\5. Square With Maximum Sum.csproj", "{F504EC3C-2ED1-4DFE-B84C-A626859B71B8}"
EndProject
Project("{FAE04EC0-301F-11D3-BF4B-00C04F79EFBC}") = "6. Jagged-Array Modification", "6. Jagged-Array Modification\6. Jagged-Array Modification.csproj", "{198B9293-592C-4F17-899A-F9F6C142D00F}"
EndProject
Global
	GlobalSection(SolutionConfigurationPlatforms) = preSolution
		Debug|Any CPU = Debug|Any CPU
		Release|Any CPU = Release|Any CPU
	EndGlobalSection
	GlobalSection(ProjectConfigurationPlatforms) = postSolution
		{E291BC09-D554-4B5A-AE22-E0AE3095FD15}.Debug|Any CPU.ActiveCfg = Debug|Any CPU
		{E291BC09-D554-4B5A-AE22-E0AE3095FD15}.Debug|Any CPU.Build.0 = Debug|Any CPU
		{E291BC09-D554-4B5A-AE22-E0AE3095FD15}.Release|Any CPU.ActiveCfg = Release|Any CPU
		{E291BC09-D554-4B5A-AE22-E0AE3095FD15}.Release|Any CPU.Build.0 = Release|Any CPU
		{51B7D290-35D6-49BB-AA83-3679FC5CA4DB}.Debug|Any CPU.ActiveCfg = Debug|Any CPU
		{51B7D290-35D6-49BB-AA83-3679FC5CA4DB}.Debug|Any CPU.Build.0 = Debug|Any CPU
		{51B7D290-35D6-49BB-AA83-3679FC5CA4DB}.Release|Any CPU.ActiveCfg = Release|Any CPU
		{51B7D290-35D6-49BB-AA83-3679FC5CA4DB}.Release|Any CPU.Build.0 = Release|Any CPU
		{F504EC3C-2ED1-4DFE-B84C-A626859B71B8}.Debug|Any CPU.ActiveCfg = Debug|Any CPU
		{F504EC3C-2ED1-4DFE-B84C-A626859B71B8}.Debug|Any CPU.Build.0 = Debug|Any CPU
		{F504EC3C-2ED1-4DFE-B84C-A626859B71B8}.Release|Any CPU.ActiveCfg = Release|Any CPU
		{F504EC3C-2ED1-4DFE-B84C-A626859B71B8}.Release|Any CPU.Build.0 = Release|Any CPU
		{198B9293-592C-4F17-899A-F9F6C142D00F}.Debug|Any CPU.ActiveCfg = Debug|Any CPU
		{198B9293-592C-4F17-899A-F9F6C142D00F}.Debug|Any CPU.Build.0 = Debug|Any CPU
		{198B9293-592C-4F17-899A-F9F6C142D00F}.Release|Any CPU.ActiveCfg = Release|Any CPU
		{198B9293-592C-4F17-899A-F9F6C142D00F}.Release|Any CPU.Build.0 = Release|Any CPU
	EndGlobalSection
	GlobalSection(SolutionProperties) = preSolution
		HideSolutionNode = FALSE
	EndGlobalSection
	GlobalSection(ExtensibilityGlobals) = postSolution
		SolutionGuid = {BEC4D1DD-E579-483B-A660-5C74F21304F6}
	EndGlobalSection
EndGlobal
